
Microsoft Visual Studio Solution File, Format Version 12.00
# Visual Studio Version 17
VisualStudioVersion = 17.5.33502.453
MinimumVisualStudioVersion = 10.0.40219.1
Project("{8BC9CEB8-8B4A-11D0-8D11-00A0C91BC942}") = "008_Pointer", "008_Pointer\008_Pointer.vcxproj", "{D40E2218-4631-42A9-B624-129AD68F8055}"
EndProject
Project("{8BC9CEB8-8B4A-11D0-8D11-00A0C91BC942}") = "008_Pointer2", "008_Pointer2\008_Pointer2.vcxproj", "{FF9C7B59-E030-4361-82D6-052862CE8E56}"
EndProject
Global
	GlobalSection(SolutionConfigurationPlatforms) = preSolution
		Debug|x64 = Debug|x64
		Debug|x86 = Debug|x86
		Release|x64 = Release|x64
		Release|x86 = Release|x86
	EndGlobalSection
	GlobalSection(ProjectConfigurationPlatforms) = postSolution
		{D40E2218-4631-42A9-B624-129AD68F8055}.Debug|x64.ActiveCfg = Debug|x64
		{D40E2218-4631-42A9-B624-129AD68F8055}.Debug|x64.Build.0 = Debug|x64
		{D40E2218-4631-42A9-B624-129AD68F8055}.Debug|x86.ActiveCfg = Debug|Win32
		{D40E2218-4631-42A9-B624-129AD68F8055}.Debug|x86.Build.0 = Debug|Win32
		{D40E2218-4631-42A9-B624-129AD68F8055}.Release|x64.ActiveCfg = Release|x64
		{D40E2218-4631-42A9-B624-129AD68F8055}.Release|x64.Build.0 = Release|x64
		{D40E2218-4631-42A9-B624-129AD68F8055}.Release|x86.ActiveCfg = Release|Win32
		{D40E2218-4631-42A9-B624-129AD68F8055}.Release|x86.Build.0 = Release|Win32
		{FF9C7B59-E030-4361-82D6-052862CE8E56}.Debug|x64.ActiveCfg = Debug|x64
		{FF9C7B59-E030-4361-82D6-052862CE8E56}.Debug|x64.Build.0 = Debug|x64
		{FF9C7B59-E030-4361-82D6-052862CE8E56}.Debug|x86.ActiveCfg = Debug|Win32
		{FF9C7B59-E030-4361-82D6-052862CE8E56}.Debug|x86.Build.0 = Debug|Win32
		{FF9C7B59-E030-4361-82D6-052862CE8E56}.Release|x64.ActiveCfg = Release|x64
		{FF9C7B59-E030-4361-82D6-052862CE8E56}.Release|x64.Build.0 = Release|x64
		{FF9C7B59-E030-4361-82D6-052862CE8E56}.Release|x86.ActiveCfg = Release|Win32
		{FF9C7B59-E030-4361-82D6-052862CE8E56}.Release|x86.Build.0 = Release|Win32
	EndGlobalSection
	GlobalSection(SolutionProperties) = preSolution
		HideSolutionNode = FALSE
	EndGlobalSection
	GlobalSection(ExtensibilityGlobals) = postSolution
		SolutionGuid = {9BC92C1D-91A9-4C5E-80A1-7DAD72726171}
	EndGlobalSection
EndGlobal
